// !$*UTF8*$!
{
	archiveVersion = 1;
	classes = {
	};
	objectVersion = 77;
	objects = {

/* Begin PBXContainerItemProxy section */
		3DA23CEC2E9C27ED004BF06E /* PBXContainerItemProxy */ = {
			isa = PBXContainerItemProxy;
			containerPortal = 3DA23CD32E9C27EB004BF06E /* Project object */;
			proxyType = 1;
			remoteGlobalIDString = 3DA23CDA2E9C27EB004BF06E;
			remoteInfo = worldcup;
		};
		3DA23CF62E9C27ED004BF06E /* PBXContainerItemProxy */ = {
			isa = PBXContainerItemProxy;
			containerPortal = 3DA23CD32E9C27EB004BF06E /* Project object */;
			proxyType = 1;
			remoteGlobalIDString = 3DA23CDA2E9C27EB004BF06E;
			remoteInfo = worldcup;
		};
/* End PBXContainerItemProxy section */

/* Begin PBXFileReference section */
		3DA23CDB2E9C27EB004BF06E /* worldcup.app */ = {isa = PBXFileReference; explicitFileType = wrapper.application; includeInIndex = 0; path = worldcup.app; sourceTree = BUILT_PRODUCTS_DIR; };
		3DA23CEB2E9C27ED004BF06E /* worldcupTests.xctest */ = {isa = PBXFileReference; explicitFileType = wrapper.cfbundle; includeInIndex = 0; path = worldcupTests.xctest; sourceTree = BUILT_PRODUCTS_DIR; };
		3DA23CF52E9C27ED004BF06E /* worldcupUITests.xctest */ = {isa = PBXFileReference; explicitFileType = wrapper.cfbundle; includeInIndex = 0; path = worldcupUITests.xctest; sourceTree = BUILT_PRODUCTS_DIR; };
/* End PBXFileReference section */

/* Begin PBXFileSystemSynchronizedRootGroup section */
		3DA23CDD2E9C27EB004BF06E /* worldcup */ = {
			isa = PBXFileSystemSynchronizedRootGroup;
			path = worldcup;
			sourceTree = "<group>";
		};
		3DA23CEE2E9C27ED004BF06E /* worldcupTests */ = {
			isa = PBXFileSystemSynchronizedRootGroup;
			path = worldcupTests;
			sourceTree = "<group>";
		};
		3DA23CF82E9C27ED004BF06E /* worldcupUITests */ = {
			isa = PBXFileSystemSynchronizedRootGroup;
			path = worldcupUITests;
			sourceTree = "<group>";
		};
/* End PBXFileSystemSynchronizedRootGroup section */

/* Begin PBXFrameworksBuildPhase section */
		3DA23CD82E9C27EB004BF06E /* Frameworks */ = {
			isa = PBXFrameworksBuildPhase;
			buildActionMask = 2147483647;
			files = (
			);
			runOnlyForDeploymentPostprocessing = 0;
		};
		3DA23CE82E9C27ED004BF06E /* Frameworks */ = {
			isa = PBXFrameworksBuildPhase;
			buildActionMask = 2147483647;
			files = (
			);
			runOnlyForDeploymentPostprocessing = 0;
		};
		3DA23CF22E9C27ED004BF06E /* Frameworks */ = {
			isa = PBXFrameworksBuildPhase;
			buildActionMask = 2147483647;
			files = (
			);
			runOnlyForDeploymentPostprocessing = 0;
		};
/* End PBXFrameworksBuildPhase section */

/* Begin PBXGroup section */
		3DA23CD22E9C27EB004BF06E = {
			isa = PBXGroup;
			children = (
				3DA23CDD2E9C27EB004BF06E /* worldcup */,
				3DA23CEE2E9C27ED004BF06E /* worldcupTests */,
				3DA23CF82E9C27ED004BF06E /* worldcupUITests */,
				3DA23CDC2E9C27EB004BF06E /* Products */,
			);
			sourceTree = "<group>";
		};
		3DA23CDC2E9C27EB004BF06E /* Products */ = {
			isa = PBXGroup;
			children = (
				3DA23CDB2E9C27EB004BF06E /* worldcup.app */,
				3DA23CEB2E9C27ED004BF06E /* worldcupTests.xctest */,
				3DA23CF52E9C27ED004BF06E /* worldcupUITests.xctest */,
			);
			name = Products;
			sourceTree = "<group>";
		};
/* End PBXGroup section */

/* Begin PBXNativeTarget section */
		3DA23CDA2E9C27EB004BF06E /* worldcup */ = {
			isa = PBXNativeTarget;
			buildConfigurationList = 3DA23CFF2E9C27ED004BF06E /* Build configuration list for PBXNativeTarget "worldcup" */;
			buildPhases = (
				3DA23CD72E9C27EB004BF06E /* Sources */,
				3DA23CD82E9C27EB004BF06E /* Frameworks */,
				3DA23CD92E9C27EB004BF06E /* Resources */,
			);
			buildRules = (
			);
			dependencies = (
			);
			fileSystemSynchronizedGroups = (
				3DA23CDD2E9C27EB004BF06E /* worldcup */,
			);
			name = worldcup;
			packageProductDependencies = (
			);
			productName = worldcup;
			productReference = 3DA23CDB2E9C27EB004BF06E /* worldcup.app */;
			productType = "com.apple.product-type.application";
		};
		3DA23CEA2E9C27ED004BF06E /* worldcupTests */ = {
			isa = PBXNativeTarget;
			buildConfigurationList = 3DA23D022E9C27ED004BF06E /* Build configuration list for PBXNativeTarget "worldcupTests" */;
			buildPhases = (
				3DA23CE72E9C27ED004BF06E /* Sources */,
				3DA23CE82E9C27ED004BF06E /* Frameworks */,
				3DA23CE92E9C27ED004BF06E /* Resources */,
			);
			buildRules = (
			);
			dependencies = (
				3DA23CED2E9C27ED004BF06E /* PBXTargetDependency */,
			);
			fileSystemSynchronizedGroups = (
				3DA23CEE2E9C27ED004BF06E /* worldcupTests */,
			);
			name = worldcupTests;
			packageProductDependencies = (
			);
			productName = worldcupTests;
			productReference = 3DA23CEB2E9C27ED004BF06E /* worldcupTests.xctest */;
			productType = "com.apple.product-type.bundle.unit-test";
		};
		3DA23CF42E9C27ED004BF06E /* worldcupUITests */ = {
			isa = PBXNativeTarget;
			buildConfigurationList = 3DA23D052E9C27ED004BF06E /* Build configuration list for PBXNativeTarget "worldcupUITests" */;
			buildPhases = (
				3DA23CF12E9C27ED004BF06E /* Sources */,
				3DA23CF22E9C27ED004BF06E /* Frameworks */,
				3DA23CF32E9C27ED004BF06E /* Resources */,
			);
			buildRules = (
			);
			dependencies = (
				3DA23CF72E9C27ED004BF06E /* PBXTargetDependency */,
			);
			fileSystemSynchronizedGroups = (
				3DA23CF82E9C27ED004BF06E /* worldcupUITests */,
			);
			name = worldcupUITests;
			packageProductDependencies = (
			);
			productName = worldcupUITests;
			productReference = 3DA23CF52E9C27ED004BF06E /* worldcupUITests.xctest */;
			productType = "com.apple.product-type.bundle.ui-testing";
		};
/* End PBXNativeTarget section */

/* Begin PBXProject section */
		3DA23CD32E9C27EB004BF06E /* Project object */ = {
			isa = PBXProject;
			attributes = {
				BuildIndependentTargetsInParallel = 1;
				LastSwiftUpdateCheck = 1610;
				LastUpgradeCheck = 1610;
				TargetAttributes = {
					3DA23CDA2E9C27EB004BF06E = {
						CreatedOnToolsVersion = 16.1;
					};
					3DA23CEA2E9C27ED004BF06E = {
						CreatedOnToolsVersion = 16.1;
						TestTargetID = 3DA23CDA2E9C27EB004BF06E;
					};
					3DA23CF42E9C27ED004BF06E = {
						CreatedOnToolsVersion = 16.1;
						TestTargetID = 3DA23CDA2E9C27EB004BF06E;
					};
				};
			};
			buildConfigurationList = 3DA23CD62E9C27EB004BF06E /* Build configuration list for PBXProject "worldcup" */;
			developmentRegion = en;
			hasScannedForEncodings = 0;
			knownRegions = (
				en,
				Base,
			);
			mainGroup = 3DA23CD22E9C27EB004BF06E;
			minimizedProjectReferenceProxies = 1;
			preferredProjectObjectVersion = 77;
			productRefGroup = 3DA23CDC2E9C27EB004BF06E /* Products */;
			projectDirPath = "";
			projectRoot = "";
			targets = (
				3DA23CDA2E9C27EB004BF06E /* worldcup */,
				3DA23CEA2E9C27ED004BF06E /* worldcupTests */,
				3DA23CF42E9C27ED004BF06E /* worldcupUITests */,
			);
		};
/* End PBXProject section */

/* Begin PBXResourcesBuildPhase section */
		3DA23CD92E9C27EB004BF06E /* Resources */ = {
			isa = PBXResourcesBuildPhase;
			buildActionMask = 2147483647;
			files = (
			);
			runOnlyForDeploymentPostprocessing = 0;
		};
		3DA23CE92E9C27ED004BF06E /* Resources */ = {
			isa = PBXResourcesBuildPhase;
			buildActionMask = 2147483647;
			files = (
			);
			runOnlyForDeploymentPostprocessing = 0;
		};
		3DA23CF32E9C27ED004BF06E /* Resources */ = {
			isa = PBXResourcesBuildPhase;
			buildActionMask = 2147483647;
			files = (
			);
			runOnlyForDeploymentPostprocessing = 0;
		};
/* End PBXResourcesBuildPhase section */

/* Begin PBXSourcesBuildPhase section */
		3DA23CD72E9C27EB004BF06E /* Sources */ = {
			isa = PBXSourcesBuildPhase;
			buildActionMask = 2147483647;
			files = (
			);
			runOnlyForDeploymentPostprocessing = 0;
		};
		3DA23CE72E9C27ED004BF06E /* Sources */ = {
			isa = PBXSourcesBuildPhase;
			buildActionMask = 2147483647;
			files = (
			);
			runOnlyForDeploymentPostprocessing = 0;
		};
		3DA23CF12E9C27ED004BF06E /* Sources */ = {
			isa = PBXSourcesBuildPhase;
			buildActionMask = 2147483647;
			files = (
			);
			runOnlyForDeploymentPostprocessing = 0;
		};
/* End PBXSourcesBuildPhase section */

/* Begin PBXTargetDependency section */
		3DA23CED2E9C27ED004BF06E /* PBXTargetDependency */ = {
			isa = PBXTargetDependency;
			target = 3DA23CDA2E9C27EB004BF06E /* worldcup */;
			targetProxy = 3DA23CEC2E9C27ED004BF06E /* PBXContainerItemProxy */;
		};
		3DA23CF72E9C27ED004BF06E /* PBXTargetDependency */ = {
			isa = PBXTargetDependency;
			target = 3DA23CDA2E9C27EB004BF06E /* worldcup */;
			targetProxy = 3DA23CF62E9C27ED004BF06E /* PBXContainerItemProxy */;
		};
/* End PBXTargetDependency section */

/* Begin XCBuildConfiguration section */
		3DA23CFD2E9C27ED004BF06E /* Debug */ = {
			isa = XCBuildConfiguration;
			buildSettings = {
				ALWAYS_SEARCH_USER_PATHS = NO;
				ASSETCATALOG_COMPILER_GENERATE_SWIFT_ASSET_SYMBOL_EXTENSIONS = YES;
				CLANG_ANALYZER_NONNULL = YES;
				CLANG_ANALYZER_NUMBER_OBJECT_CONVERSION = YES_AGGRESSIVE;
				CLANG_CXX_LANGUAGE_STANDARD = "gnu++20";
				CLANG_ENABLE_MODULES = YES;
				CLANG_ENABLE_OBJC_ARC = YES;
				CLANG_ENABLE_OBJC_WEAK = YES;
				CLANG_WARN_BLOCK_CAPTURE_AUTORELEASING = YES;
				CLANG_WARN_BOOL_CONVERSION = YES;
				CLANG_WARN_COMMA = YES;
				CLANG_WARN_CONSTANT_CONVERSION = YES;
				CLANG_WARN_DEPRECATED_OBJC_IMPLEMENTATIONS = YES;
				CLANG_WARN_DIRECT_OBJC_ISA_USAGE = YES_ERROR;
				CLANG_WARN_DOCUMENTATION_COMMENTS = YES;
				CLANG_WARN_EMPTY_BODY = YES;
				CLANG_WARN_ENUM_CONVERSION = YES;
				CLANG_WARN_INFINITE_RECURSION = YES;
				CLANG_WARN_INT_CONVERSION = YES;
				CLANG_WARN_NON_LITERAL_NULL_CONVERSION = YES;
				CLANG_WARN_OBJC_IMPLICIT_RETAIN_SELF = YES;
				CLANG_WARN_OBJC_LITERAL_CONVERSION = YES;
				CLANG_WARN_OBJC_ROOT_CLASS = YES_ERROR;
				CLANG_WARN_QUOTED_INCLUDE_IN_FRAMEWORK_HEADER = YES;
				CLANG_WARN_RANGE_LOOP_ANALYSIS = YES;
				CLANG_WARN_STRICT_PROTOTYPES = YES;
				CLANG_WARN_SUSPICIOUS_MOVE = YES;
				CLANG_WARN_UNGUARDED_AVAILABILITY = YES_AGGRESSIVE;
				CLANG_WARN_UNREACHABLE_CODE = YES;
				CLANG_WARN__DUPLICATE_METHOD_MATCH = YES;
				COPY_PHASE_STRIP = NO;
				DEBUG_INFORMATION_FORMAT = dwarf;
				ENABLE_STRICT_OBJC_MSGSEND = YES;
				ENABLE_TESTABILITY = YES;
				ENABLE_USER_SCRIPT_SANDBOXING = YES;
				GCC_C_LANGUAGE_STANDARD = gnu17;
				GCC_DYNAMIC_NO_PIC = NO;
				GCC_NO_COMMON_BLOCKS = YES;
				GCC_OPTIMIZATION_LEVEL = 0;
				GCC_PREPROCESSOR_DEFINITIONS = (
					"DEBUG=1",
					"$(inherited)",
				);
				GCC_WARN_64_TO_32_BIT_CONVERSION = YES;
				GCC_WARN_ABOUT_RETURN_TYPE = YES_ERROR;
				GCC_WARN_UNDECLARED_SELECTOR = YES;
				GCC_WARN_UNINITIALIZED_AUTOS = YES_AGGRESSIVE;
				GCC_WARN_UNUSED_FUNCTION = YES;
				GCC_WARN_UNUSED_VARIABLE = YES;
				IPHONEOS_DEPLOYMENT_TARGET = 18.1;
				LOCALIZATION_PREFERS_STRING_CATALOGS = YES;
				MTL_ENABLE_DEBUG_INFO = INCLUDE_SOURCE;
				MTL_FAST_MATH = YES;
				ONLY_ACTIVE_ARCH = YES;
				SDKROOT = iphoneos;
				SWIFT_ACTIVE_COMPILATION_CONDITIONS = "DEBUG $(inherited)";
				SWIFT_OPTIMIZATION_LEVEL = "-Onone";
			};
			name = Debug;
		};
		3DA23CFE2E9C27ED004BF06E /* Release */ = {
			isa = XCBuildConfiguration;
			buildSettings = {
				ALWAYS_SEARCH_USER_PATHS = NO;
				ASSETCATALOG_COMPILER_GENERATE_SWIFT_ASSET_SYMBOL_EXTENSIONS = YES;
				CLANG_ANALYZER_NONNULL = YES;
				CLANG_ANALYZER_NUMBER_OBJECT_CONVERSION = YES_AGGRESSIVE;
				CLANG_CXX_LANGUAGE_STANDARD = "gnu++20";
				CLANG_ENABLE_MODULES = YES;
				CLANG_ENABLE_OBJC_ARC = YES;
				CLANG_ENABLE_OBJC_WEAK = YES;
				CLANG_WARN_BLOCK_CAPTURE_AUTORELEASING = YES;
				CLANG_WARN_BOOL_CONVERSION = YES;
				CLANG_WARN_COMMA = YES;
				CLANG_WARN_CONSTANT_CONVERSION = YES;
				CLANG_WARN_DEPRECATED_OBJC_IMPLEMENTATIONS = YES;
				CLANG_WARN_DIRECT_OBJC_ISA_USAGE = YES_ERROR;
				CLANG_WARN_DOCUMENTATION_COMMENTS = YES;
				CLANG_WARN_EMPTY_BODY = YES;
				CLANG_WARN_ENUM_CONVERSION = YES;
				CLANG_WARN_INFINITE_RECURSION = YES;
				CLANG_WARN_INT_CONVERSION = YES;
				CLANG_WARN_NON_LITERAL_NULL_CONVERSION = YES;
				CLANG_WARN_OBJC_IMPLICIT_RETAIN_SELF = YES;
				CLANG_WARN_OBJC_LITERAL_CONVERSION = YES;
				CLANG_WARN_OBJC_ROOT_CLASS = YES_ERROR;
				CLANG_WARN_QUOTED_INCLUDE_IN_FRAMEWORK_HEADER = YES;
				CLANG_WARN_RANGE_LOOP_ANALYSIS = YES;
				CLANG_WARN_STRICT_PROTOTYPES = YES;
				CLANG_WARN_SUSPICIOUS_MOVE = YES;
				CLANG_WARN_UNGUARDED_AVAILABILITY = YES_AGGRESSIVE;
				CLANG_WARN_UNREACHABLE_CODE = YES;
				CLANG_WARN__DUPLICATE_METHOD_MATCH = YES;
				COPY_PHASE_STRIP = NO;
				DEBUG_INFORMATION_FORMAT = "dwarf-with-dsym";
				ENABLE_NS_ASSERTIONS = NO;
				ENABLE_STRICT_OBJC_MSGSEND = YES;
				ENABLE_USER_SCRIPT_SANDBOXING = YES;
				GCC_C_LANGUAGE_STANDARD = gnu17;
				GCC_NO_COMMON_BLOCKS = YES;
				GCC_WARN_64_TO_32_BIT_CONVERSION = YES;
				GCC_WARN_ABOUT_RETURN_TYPE = YES_ERROR;
				GCC_WARN_UNDECLARED_SELECTOR = YES;
				GCC_WARN_UNINITIALIZED_AUTOS = YES_AGGRESSIVE;
				GCC_WARN_UNUSED_FUNCTION = YES;
				GCC_WARN_UNUSED_VARIABLE = YES;
				IPHONEOS_DEPLOYMENT_TARGET = 18.1;
				LOCALIZATION_PREFERS_STRING_CATALOGS = YES;
				MTL_ENABLE_DEBUG_INFO = NO;
				MTL_FAST_MATH = YES;
				SDKROOT = iphoneos;
				SWIFT_COMPILATION_MODE = wholemodule;
				VALIDATE_PRODUCT = YES;
			};
			name = Release;
		};
		3DA23D002E9C27ED004BF06E /* Debug */ = {
			isa = XCBuildConfiguration;
			buildSettings = {
				ASSETCATALOG_COMPILER_APPICON_NAME = AppIcon;
				ASSETCATALOG_COMPILER_GLOBAL_ACCENT_COLOR_NAME = AccentColor;
				CODE_SIGN_STYLE = Automatic;
				CURRENT_PROJECT_VERSION = 1;
				DEVELOPMENT_ASSET_PATHS = "\"worldcup/Preview Content\"";
				ENABLE_PREVIEWS = YES;
				GENERATE_INFOPLIST_FILE = YES;
				INFOPLIST_KEY_NSLocationAlwaysAndWhenInUseUsageDescription = "ecesitamos tu ubicación para mostrarte los puntos de interés y las rutas en el mapa.";
				INFOPLIST_KEY_UIApplicationSceneManifest_Generation = YES;
				INFOPLIST_KEY_UIApplicationSupportsIndirectInputEvents = YES;
				INFOPLIST_KEY_UILaunchScreen_Generation = YES;
				INFOPLIST_KEY_UISupportedInterfaceOrientations_iPad = "UIInterfaceOrientationPortrait UIInterfaceOrientationPortraitUpsideDown UIInterfaceOrientationLandscapeLeft UIInterfaceOrientationLandscapeRight";
				INFOPLIST_KEY_UISupportedInterfaceOrientations_iPhone = "UIInterfaceOrientationPortrait UIInterfaceOrientationLandscapeLeft UIInterfaceOrientationLandscapeRight";
				LD_RUNPATH_SEARCH_PATHS = (
					"$(inherited)",
					"@executable_path/Frameworks",
				);
				MARKETING_VERSION = 1.0;
				PRODUCT_BUNDLE_IDENTIFIER = uanl.worldcup;
				PRODUCT_NAME = "$(TARGET_NAME)";
				SWIFT_EMIT_LOC_STRINGS = YES;
				SWIFT_VERSION = 5.0;
				TARGETED_DEVICE_FAMILY = "1,2";
			};
			name = Debug;
		};
		3DA23D012E9C27ED004BF06E /* Release */ = {
			isa = XCBuildConfiguration;
			buildSettings = {
				ASSETCATALOG_COMPILER_APPICON_NAME = AppIcon;
				ASSETCATALOG_COMPILER_GLOBAL_ACCENT_COLOR_NAME = AccentColor;
				CODE_SIGN_STYLE = Automatic;
				CURRENT_PROJECT_VERSION = 1;
				DEVELOPMENT_ASSET_PATHS = "\"worldcup/Preview Content\"";
				ENABLE_PREVIEWS = YES;
				GENERATE_INFOPLIST_FILE = YES;
				INFOPLIST_KEY_NSLocationAlwaysAndWhenInUseUsageDescription = "ecesitamos tu ubicación para mostrarte los puntos de interés y las rutas en el mapa.";
				INFOPLIST_KEY_UIApplicationSceneManifest_Generation = YES;
				INFOPLIST_KEY_UIApplicationSupportsIndirectInputEvents = YES;
				INFOPLIST_KEY_UILaunchScreen_Generation = YES;
				INFOPLIST_KEY_UISupportedInterfaceOrientations_iPad = "UIInterfaceOrientationPortrait UIInterfaceOrientationPortraitUpsideDown UIInterfaceOrientationLandscapeLeft UIInterfaceOrientationLandscapeRight";
				INFOPLIST_KEY_UISupportedInterfaceOrientations_iPhone = "UIInterfaceOrientationPortrait UIInterfaceOrientationLandscapeLeft UIInterfaceOrientationLandscapeRight";
				LD_RUNPATH_SEARCH_PATHS = (
					"$(inherited)",
					"@executable_path/Frameworks",
				);
				MARKETING_VERSION = 1.0;
				PRODUCT_BUNDLE_IDENTIFIER = uanl.worldcup;
				PRODUCT_NAME = "$(TARGET_NAME)";
				SWIFT_EMIT_LOC_STRINGS = YES;
				SWIFT_VERSION = 5.0;
				TARGETED_DEVICE_FAMILY = "1,2";
			};
			name = Release;
		};
		3DA23D032E9C27ED004BF06E /* Debug */ = {
			isa = XCBuildConfiguration;
			buildSettings = {
				BUNDLE_LOADER = "$(TEST_HOST)";
				CODE_SIGN_STYLE = Automatic;
				CURRENT_PROJECT_VERSION = 1;
				GENERATE_INFOPLIST_FILE = YES;
				IPHONEOS_DEPLOYMENT_TARGET = 18.1;
				MARKETING_VERSION = 1.0;
				PRODUCT_BUNDLE_IDENTIFIER = uanl.worldcupTests;
				PRODUCT_NAME = "$(TARGET_NAME)";
				SWIFT_EMIT_LOC_STRINGS = NO;
				SWIFT_VERSION = 5.0;
				TARGETED_DEVICE_FAMILY = "1,2";
				TEST_HOST = "$(BUILT_PRODUCTS_DIR)/worldcup.app/$(BUNDLE_EXECUTABLE_FOLDER_PATH)/worldcup";
			};
			name = Debug;
		};
		3DA23D042E9C27ED004BF06E /* Release */ = {
			isa = XCBuildConfiguration;
			buildSettings = {
				BUNDLE_LOADER = "$(TEST_HOST)";
				CODE_SIGN_STYLE = Automatic;
				CURRENT_PROJECT_VERSION = 1;
				GENERATE_INFOPLIST_FILE = YES;
				IPHONEOS_DEPLOYMENT_TARGET = 18.1;
				MARKETING_VERSION = 1.0;
				PRODUCT_BUNDLE_IDENTIFIER = uanl.worldcupTests;
				PRODUCT_NAME = "$(TARGET_NAME)";
				SWIFT_EMIT_LOC_STRINGS = NO;
				SWIFT_VERSION = 5.0;
				TARGETED_DEVICE_FAMILY = "1,2";
				TEST_HOST = "$(BUILT_PRODUCTS_DIR)/worldcup.app/$(BUNDLE_EXECUTABLE_FOLDER_PATH)/worldcup";
			};
			name = Release;
		};
		3DA23D062E9C27ED004BF06E /* Debug */ = {
			isa = XCBuildConfiguration;
			buildSettings = {
				CODE_SIGN_STYLE = Automatic;
				CURRENT_PROJECT_VERSION = 1;
				GENERATE_INFOPLIST_FILE = YES;
				MARKETING_VERSION = 1.0;
				PRODUCT_BUNDLE_IDENTIFIER = uanl.worldcupUITests;
				PRODUCT_NAME = "$(TARGET_NAME)";
				SWIFT_EMIT_LOC_STRINGS = NO;
				SWIFT_VERSION = 5.0;
				TARGETED_DEVICE_FAMILY = "1,2";
				TEST_TARGET_NAME = worldcup;
			};
			name = Debug;
		};
		3DA23D072E9C27ED004BF06E /* Release */ = {
			isa = XCBuildConfiguration;
			buildSettings = {
				CODE_SIGN_STYLE = Automatic;
				CURRENT_PROJECT_VERSION = 1;
				GENERATE_INFOPLIST_FILE = YES;
				MARKETING_VERSION = 1.0;
				PRODUCT_BUNDLE_IDENTIFIER = uanl.worldcupUITests;
				PRODUCT_NAME = "$(TARGET_NAME)";
				SWIFT_EMIT_LOC_STRINGS = NO;
				SWIFT_VERSION = 5.0;
				TARGETED_DEVICE_FAMILY = "1,2";
				TEST_TARGET_NAME = worldcup;
			};
			name = Release;
		};
/* End XCBuildConfiguration section */

/* Begin XCConfigurationList section */
		3DA23CD62E9C27EB004BF06E /* Build configuration list for PBXProject "worldcup" */ = {
			isa = XCConfigurationList;
			buildConfigurations = (
				3DA23CFD2E9C27ED004BF06E /* Debug */,
				3DA23CFE2E9C27ED004BF06E /* Release */,
			);
			defaultConfigurationIsVisible = 0;
			defaultConfigurationName = Release;
		};
		3DA23CFF2E9C27ED004BF06E /* Build configuration list for PBXNativeTarget "worldcup" */ = {
			isa = XCConfigurationList;
			buildConfigurations = (
				3DA23D002E9C27ED004BF06E /* Debug */,
				3DA23D012E9C27ED004BF06E /* Release */,
			);
			defaultConfigurationIsVisible = 0;
			defaultConfigurationName = Release;
		};
		3DA23D022E9C27ED004BF06E /* Build configuration list for PBXNativeTarget "worldcupTests" */ = {
			isa = XCConfigurationList;
			buildConfigurations = (
				3DA23D032E9C27ED004BF06E /* Debug */,
				3DA23D042E9C27ED004BF06E /* Release */,
			);
			defaultConfigurationIsVisible = 0;
			defaultConfigurationName = Release;
		};
		3DA23D052E9C27ED004BF06E /* Build configuration list for PBXNativeTarget "worldcupUITests" */ = {
			isa = XCConfigurationList;
			buildConfigurations = (
				3DA23D062E9C27ED004BF06E /* Debug */,
				3DA23D072E9C27ED004BF06E /* Release */,
			);
			defaultConfigurationIsVisible = 0;
			defaultConfigurationName = Release;
		};
/* End XCConfigurationList section */
	};
	rootObject = 3DA23CD32E9C27EB004BF06E /* Project object */;
}
